
Microsoft Visual Studio Solution File, Format Version 12.00
# Visual Studio Version 17
VisualStudioVersion = 17.14.36109.1
MinimumVisualStudioVersion = 10.0.40219.1
Project("{FAE04EC0-301F-11D3-BF4B-00C04F79EFBC}") = "ProjectA", "ProjectA\ProjectA.csproj", "{3C58A047-974D-41DE-B47C-2FBC3531FF3A}"
EndProject
Project("{FAE04EC0-301F-11D3-BF4B-00C04F79EFBC}") = "ProjectB", "ProjectB\ProjectB.csproj", "{7EEB609B-C410-494F-8685-BFA36C22683F}"
EndProject
Project("{FAE04EC0-301F-11D3-BF4B-00C04F79EFBC}") = "ProjectC", "ProjectC\ProjectC.csproj", "{74036656-31D8-4CF8-B95E-37DAD1FCC7A6}"
EndProject
Project("{FAE04EC0-301F-11D3-BF4B-00C04F79EFBC}") = "ServiceDefaults", "ServiceDefaults\ServiceDefaults.csproj", "{C5B76F10-4437-4337-807A-6C5193331E03}"
EndProject
Project("{FAE04EC0-301F-11D3-BF4B-00C04F79EFBC}") = "AppHost", "AppHost\AppHost\AppHost.csproj", "{922D994B-6978-41DE-BB96-7FA167C15ECC}"
EndProject
Project("{FAE04EC0-301F-11D3-BF4B-00C04F79EFBC}") = "GrpcService", "GrpcService\GrpcService.csproj", "{F40B0EF6-ED94-440C-A93A-162C07D1AE71}"
EndProject
Project("{FAE04EC0-301F-11D3-BF4B-00C04F79EFBC}") = "AspireTest", "AspireTest\AspireTest.csproj", "{2AEB7A42-B7FE-42A9-BF74-33ECCEE607BA}"
EndProject
Global
	GlobalSection(SolutionConfigurationPlatforms) = preSolution
		Debug|Any CPU = Debug|Any CPU
		Release|Any CPU = Release|Any CPU
	EndGlobalSection
	GlobalSection(ProjectConfigurationPlatforms) = postSolution
		{3C58A047-974D-41DE-B47C-2FBC3531FF3A}.Debug|Any CPU.ActiveCfg = Debug|Any CPU
		{3C58A047-974D-41DE-B47C-2FBC3531FF3A}.Debug|Any CPU.Build.0 = Debug|Any CPU
		{3C58A047-974D-41DE-B47C-2FBC3531FF3A}.Release|Any CPU.ActiveCfg = Release|Any CPU
		{3C58A047-974D-41DE-B47C-2FBC3531FF3A}.Release|Any CPU.Build.0 = Release|Any CPU
		{7EEB609B-C410-494F-8685-BFA36C22683F}.Debug|Any CPU.ActiveCfg = Debug|Any CPU
		{7EEB609B-C410-494F-8685-BFA36C22683F}.Debug|Any CPU.Build.0 = Debug|Any CPU
		{7EEB609B-C410-494F-8685-BFA36C22683F}.Release|Any CPU.ActiveCfg = Release|Any CPU
		{7EEB609B-C410-494F-8685-BFA36C22683F}.Release|Any CPU.Build.0 = Release|Any CPU
		{74036656-31D8-4CF8-B95E-37DAD1FCC7A6}.Debug|Any CPU.ActiveCfg = Debug|Any CPU
		{74036656-31D8-4CF8-B95E-37DAD1FCC7A6}.Debug|Any CPU.Build.0 = Debug|Any CPU
		{74036656-31D8-4CF8-B95E-37DAD1FCC7A6}.Release|Any CPU.ActiveCfg = Release|Any CPU
		{74036656-31D8-4CF8-B95E-37DAD1FCC7A6}.Release|Any CPU.Build.0 = Release|Any CPU
		{C5B76F10-4437-4337-807A-6C5193331E03}.Debug|Any CPU.ActiveCfg = Debug|Any CPU
		{C5B76F10-4437-4337-807A-6C5193331E03}.Debug|Any CPU.Build.0 = Debug|Any CPU
		{C5B76F10-4437-4337-807A-6C5193331E03}.Release|Any CPU.ActiveCfg = Release|Any CPU
		{C5B76F10-4437-4337-807A-6C5193331E03}.Release|Any CPU.Build.0 = Release|Any CPU
		{922D994B-6978-41DE-BB96-7FA167C15ECC}.Debug|Any CPU.ActiveCfg = Debug|Any CPU
		{922D994B-6978-41DE-BB96-7FA167C15ECC}.Debug|Any CPU.Build.0 = Debug|Any CPU
		{922D994B-6978-41DE-BB96-7FA167C15ECC}.Release|Any CPU.ActiveCfg = Release|Any CPU
		{922D994B-6978-41DE-BB96-7FA167C15ECC}.Release|Any CPU.Build.0 = Release|Any CPU
		{F40B0EF6-ED94-440C-A93A-162C07D1AE71}.Debug|Any CPU.ActiveCfg = Debug|Any CPU
		{F40B0EF6-ED94-440C-A93A-162C07D1AE71}.Debug|Any CPU.Build.0 = Debug|Any CPU
		{F40B0EF6-ED94-440C-A93A-162C07D1AE71}.Release|Any CPU.ActiveCfg = Release|Any CPU
		{F40B0EF6-ED94-440C-A93A-162C07D1AE71}.Release|Any CPU.Build.0 = Release|Any CPU
		{2AEB7A42-B7FE-42A9-BF74-33ECCEE607BA}.Debug|Any CPU.ActiveCfg = Debug|Any CPU
		{2AEB7A42-B7FE-42A9-BF74-33ECCEE607BA}.Debug|Any CPU.Build.0 = Debug|Any CPU
		{2AEB7A42-B7FE-42A9-BF74-33ECCEE607BA}.Release|Any CPU.ActiveCfg = Release|Any CPU
		{2AEB7A42-B7FE-42A9-BF74-33ECCEE607BA}.Release|Any CPU.Build.0 = Release|Any CPU
	EndGlobalSection
	GlobalSection(SolutionProperties) = preSolution
		HideSolutionNode = FALSE
	EndGlobalSection
	GlobalSection(ExtensibilityGlobals) = postSolution
		SolutionGuid = {82F0D0A4-BD5B-4341-B8EE-B1A9629DC0EA}
	EndGlobalSection
EndGlobal
